// !$*UTF8*$!
{
	archiveVersion = 1;
	classes = {
	};
	objectVersion = 50;
	objects = {

/* Begin PBXBuildFile section */
		83F55DF825CFFFE000882243 /* Tests_iOS.swift in Sources */ = {isa = PBXBuildFile; fileRef = 83F55DF725CFFFE000882243 /* Tests_iOS.swift */; };
		83F55E0325CFFFE000882243 /* Tests_macOS.swift in Sources */ = {isa = PBXBuildFile; fileRef = 83F55E0225CFFFE000882243 /* Tests_macOS.swift */; };
		83F55E0525CFFFE000882243 /* RunyasakCardApp.swift in Sources */ = {isa = PBXBuildFile; fileRef = 83F55DDC25CFFFDF00882243 /* RunyasakCardApp.swift */; };
		83F55E0625CFFFE000882243 /* RunyasakCardApp.swift in Sources */ = {isa = PBXBuildFile; fileRef = 83F55DDC25CFFFDF00882243 /* RunyasakCardApp.swift */; };
		83F55E0725CFFFE000882243 /* ContentView.swift in Sources */ = {isa = PBXBuildFile; fileRef = 83F55DDD25CFFFDF00882243 /* ContentView.swift */; };
		83F55E0825CFFFE000882243 /* ContentView.swift in Sources */ = {isa = PBXBuildFile; fileRef = 83F55DDD25CFFFDF00882243 /* ContentView.swift */; };
		83F55E0925CFFFE000882243 /* Assets.xcassets in Resources */ = {isa = PBXBuildFile; fileRef = 83F55DDE25CFFFE000882243 /* Assets.xcassets */; };
		83F55E0A25CFFFE000882243 /* Assets.xcassets in Resources */ = {isa = PBXBuildFile; fileRef = 83F55DDE25CFFFE000882243 /* Assets.xcassets */; };
		83F55E2025D001C700882243 /* Pacifico-Regular.ttf in Resources */ = {isa = PBXBuildFile; fileRef = 83F55E1F25D001C700882243 /* Pacifico-Regular.ttf */; };
		83F55E3025D00E5D00882243 /* avatar.jpg in Resources */ = {isa = PBXBuildFile; fileRef = 83F55E2F25D00E5D00882243 /* avatar.jpg */; };
		83F55E3A25D012FB00882243 /* InfoView.swift in Sources */ = {isa = PBXBuildFile; fileRef = 83F55E3925D012FB00882243 /* InfoView.swift */; };
/* End PBXBuildFile section */

/* Begin PBXContainerItemProxy section */
		83F55DF425CFFFE000882243 /* PBXContainerItemProxy */ = {
			isa = PBXContainerItemProxy;
			containerPortal = 83F55DD725CFFFDF00882243 /* Project object */;
			proxyType = 1;
			remoteGlobalIDString = 83F55DE225CFFFE000882243;
			remoteInfo = "RunyasakCard (iOS)";
		};
		83F55DFF25CFFFE000882243 /* PBXContainerItemProxy */ = {
			isa = PBXContainerItemProxy;
			containerPortal = 83F55DD725CFFFDF00882243 /* Project object */;
			proxyType = 1;
			remoteGlobalIDString = 83F55DEA25CFFFE000882243;
			remoteInfo = "RunyasakCard (macOS)";
		};
/* End PBXContainerItemProxy section */

/* Begin PBXFileReference section */
		83F55DDC25CFFFDF00882243 /* RunyasakCardApp.swift */ = {isa = PBXFileReference; lastKnownFileType = sourcecode.swift; path = RunyasakCardApp.swift; sourceTree = "<group>"; };
		83F55DDD25CFFFDF00882243 /* ContentView.swift */ = {isa = PBXFileReference; lastKnownFileType = sourcecode.swift; path = ContentView.swift; sourceTree = "<group>"; };
		83F55DDE25CFFFE000882243 /* Assets.xcassets */ = {isa = PBXFileReference; lastKnownFileType = folder.assetcatalog; path = Assets.xcassets; sourceTree = "<group>"; };
		83F55DE325CFFFE000882243 /* RunyasakCard.app */ = {isa = PBXFileReference; explicitFileType = wrapper.application; includeInIndex = 0; path = RunyasakCard.app; sourceTree = BUILT_PRODUCTS_DIR; };
		83F55DE625CFFFE000882243 /* Info.plist */ = {isa = PBXFileReference; lastKnownFileType = text.plist.xml; path = Info.plist; sourceTree = "<group>"; };
		83F55DEB25CFFFE000882243 /* RunyasakCard.app */ = {isa = PBXFileReference; explicitFileType = wrapper.application; includeInIndex = 0; path = RunyasakCard.app; sourceTree = BUILT_PRODUCTS_DIR; };
		83F55DED25CFFFE000882243 /* Info.plist */ = {isa = PBXFileReference; lastKnownFileType = text.plist.xml; path = Info.plist; sourceTree = "<group>"; };
		83F55DEE25CFFFE000882243 /* macOS.entitlements */ = {isa = PBXFileReference; lastKnownFileType = text.plist.entitlements; path = macOS.entitlements; sourceTree = "<group>"; };
		83F55DF325CFFFE000882243 /* Tests iOS.xctest */ = {isa = PBXFileReference; explicitFileType = wrapper.cfbundle; includeInIndex = 0; path = "Tests iOS.xctest"; sourceTree = BUILT_PRODUCTS_DIR; };
		83F55DF725CFFFE000882243 /* Tests_iOS.swift */ = {isa = PBXFileReference; lastKnownFileType = sourcecode.swift; path = Tests_iOS.swift; sourceTree = "<group>"; };
		83F55DF925CFFFE000882243 /* Info.plist */ = {isa = PBXFileReference; lastKnownFileType = text.plist.xml; path = Info.plist; sourceTree = "<group>"; };
		83F55DFE25CFFFE000882243 /* Tests macOS.xctest */ = {isa = PBXFileReference; explicitFileType = wrapper.cfbundle; includeInIndex = 0; path = "Tests macOS.xctest"; sourceTree = BUILT_PRODUCTS_DIR; };
		83F55E0225CFFFE000882243 /* Tests_macOS.swift */ = {isa = PBXFileReference; lastKnownFileType = sourcecode.swift; path = Tests_macOS.swift; sourceTree = "<group>"; };
		83F55E0425CFFFE000882243 /* Info.plist */ = {isa = PBXFileReference; lastKnownFileType = text.plist.xml; path = Info.plist; sourceTree = "<group>"; };
		83F55E1F25D001C700882243 /* Pacifico-Regular.ttf */ = {isa = PBXFileReference; lastKnownFileType = file; path = "Pacifico-Regular.ttf"; sourceTree = "<group>"; };
		83F55E2F25D00E5D00882243 /* avatar.jpg */ = {isa = PBXFileReference; lastKnownFileType = image.jpeg; path = avatar.jpg; sourceTree = "<group>"; };
		83F55E3925D012FB00882243 /* InfoView.swift */ = {isa = PBXFileReference; lastKnownFileType = sourcecode.swift; path = InfoView.swift; sourceTree = "<group>"; };
/* End PBXFileReference section */

/* Begin PBXFrameworksBuildPhase section */
		83F55DE025CFFFE000882243 /* Frameworks */ = {
			isa = PBXFrameworksBuildPhase;
			buildActionMask = 2147483647;
			files = (
			);
			runOnlyForDeploymentPostprocessing = 0;
		};
		83F55DE825CFFFE000882243 /* Frameworks */ = {
			isa = PBXFrameworksBuildPhase;
			buildActionMask = 2147483647;
			files = (
			);
			runOnlyForDeploymentPostprocessing = 0;
		};
		83F55DF025CFFFE000882243 /* Frameworks */ = {
			isa = PBXFrameworksBuildPhase;
			buildActionMask = 2147483647;
			files = (
			);
			runOnlyForDeploymentPostprocessing = 0;
		};
		83F55DFB25CFFFE000882243 /* Frameworks */ = {
			isa = PBXFrameworksBuildPhase;
			buildActionMask = 2147483647;
			files = (
			);
			runOnlyForDeploymentPostprocessing = 0;
		};
/* End PBXFrameworksBuildPhase section */

/* Begin PBXGroup section */
		83F55DD625CFFFDF00882243 = {
			isa = PBXGroup;
			children = (
				83F55DDB25CFFFDF00882243 /* Shared */,
				83F55DE525CFFFE000882243 /* iOS */,
				83F55DEC25CFFFE000882243 /* macOS */,
				83F55DF625CFFFE000882243 /* Tests iOS */,
				83F55E0125CFFFE000882243 /* Tests macOS */,
				83F55DE425CFFFE000882243 /* Products */,
			);
			sourceTree = "<group>";
		};
		83F55DDB25CFFFDF00882243 /* Shared */ = {
			isa = PBXGroup;
			children = (
				83F55E1D25D0017200882243 /* fonts */,
				83F55DDC25CFFFDF00882243 /* RunyasakCardApp.swift */,
				83F55DDD25CFFFDF00882243 /* ContentView.swift */,
				83F55DDE25CFFFE000882243 /* Assets.xcassets */,
				83F55E2F25D00E5D00882243 /* avatar.jpg */,
				83F55E3925D012FB00882243 /* InfoView.swift */,
			);
			path = Shared;
			sourceTree = "<group>";
		};
		83F55DE425CFFFE000882243 /* Products */ = {
			isa = PBXGroup;
			children = (
				83F55DE325CFFFE000882243 /* RunyasakCard.app */,
				83F55DEB25CFFFE000882243 /* RunyasakCard.app */,
				83F55DF325CFFFE000882243 /* Tests iOS.xctest */,
				83F55DFE25CFFFE000882243 /* Tests macOS.xctest */,
			);
			name = Products;
			sourceTree = "<group>";
		};
		83F55DE525CFFFE000882243 /* iOS */ = {
			isa = PBXGroup;
			children = (
				83F55DE625CFFFE000882243 /* Info.plist */,
			);
			path = iOS;
			sourceTree = "<group>";
		};
		83F55DEC25CFFFE000882243 /* macOS */ = {
			isa = PBXGroup;
			children = (
				83F55DED25CFFFE000882243 /* Info.plist */,
				83F55DEE25CFFFE000882243 /* macOS.entitlements */,
			);
			path = macOS;
			sourceTree = "<group>";
		};
		83F55DF625CFFFE000882243 /* Tests iOS */ = {
			isa = PBXGroup;
			children = (
				83F55DF725CFFFE000882243 /* Tests_iOS.swift */,
				83F55DF925CFFFE000882243 /* Info.plist */,
			);
			path = "Tests iOS";
			sourceTree = "<group>";
		};
		83F55E0125CFFFE000882243 /* Tests macOS */ = {
			isa = PBXGroup;
			children = (
				83F55E0225CFFFE000882243 /* Tests_macOS.swift */,
				83F55E0425CFFFE000882243 /* Info.plist */,
			);
			path = "Tests macOS";
			sourceTree = "<group>";
		};
		83F55E1D25D0017200882243 /* fonts */ = {
			isa = PBXGroup;
			children = (
				83F55E1F25D001C700882243 /* Pacifico-Regular.ttf */,
			);
			path = fonts;
			sourceTree = "<group>";
		};
/* End PBXGroup section */

/* Begin PBXNativeTarget section */
		83F55DE225CFFFE000882243 /* RunyasakCard (iOS) */ = {
			isa = PBXNativeTarget;
			buildConfigurationList = 83F55E0D25CFFFE000882243 /* Build configuration list for PBXNativeTarget "RunyasakCard (iOS)" */;
			buildPhases = (
				83F55DDF25CFFFE000882243 /* Sources */,
				83F55DE025CFFFE000882243 /* Frameworks */,
				83F55DE125CFFFE000882243 /* Resources */,
			);
			buildRules = (
			);
			dependencies = (
			);
			name = "RunyasakCard (iOS)";
			productName = "RunyasakCard (iOS)";
			productReference = 83F55DE325CFFFE000882243 /* RunyasakCard.app */;
			productType = "com.apple.product-type.application";
		};
		83F55DEA25CFFFE000882243 /* RunyasakCard (macOS) */ = {
			isa = PBXNativeTarget;
			buildConfigurationList = 83F55E1025CFFFE000882243 /* Build configuration list for PBXNativeTarget "RunyasakCard (macOS)" */;
			buildPhases = (
				83F55DE725CFFFE000882243 /* Sources */,
				83F55DE825CFFFE000882243 /* Frameworks */,
				83F55DE925CFFFE000882243 /* Resources */,
			);
			buildRules = (
			);
			dependencies = (
			);
			name = "RunyasakCard (macOS)";
			productName = "RunyasakCard (macOS)";
			productReference = 83F55DEB25CFFFE000882243 /* RunyasakCard.app */;
			productType = "com.apple.product-type.application";
		};
		83F55DF225CFFFE000882243 /* Tests iOS */ = {
			isa = PBXNativeTarget;
			buildConfigurationList = 83F55E1325CFFFE000882243 /* Build configuration list for PBXNativeTarget "Tests iOS" */;
			buildPhases = (
				83F55DEF25CFFFE000882243 /* Sources */,
				83F55DF025CFFFE000882243 /* Frameworks */,
				83F55DF125CFFFE000882243 /* Resources */,
			);
			buildRules = (
			);
			dependencies = (
				83F55DF525CFFFE000882243 /* PBXTargetDependency */,
			);
			name = "Tests iOS";
			productName = "Tests iOS";
			productReference = 83F55DF325CFFFE000882243 /* Tests iOS.xctest */;
			productType = "com.apple.product-type.bundle.ui-testing";
		};
		83F55DFD25CFFFE000882243 /* Tests macOS */ = {
			isa = PBXNativeTarget;
			buildConfigurationList = 83F55E1625CFFFE000882243 /* Build configuration list for PBXNativeTarget "Tests macOS" */;
			buildPhases = (
				83F55DFA25CFFFE000882243 /* Sources */,
				83F55DFB25CFFFE000882243 /* Frameworks */,
				83F55DFC25CFFFE000882243 /* Resources */,
			);
			buildRules = (
			);
			dependencies = (
				83F55E0025CFFFE000882243 /* PBXTargetDependency */,
			);
			name = "Tests macOS";
			productName = "Tests macOS";
			productReference = 83F55DFE25CFFFE000882243 /* Tests macOS.xctest */;
			productType = "com.apple.product-type.bundle.ui-testing";
		};
/* End PBXNativeTarget section */

/* Begin PBXProject section */
		83F55DD725CFFFDF00882243 /* Project object */ = {
			isa = PBXProject;
			attributes = {
				LastSwiftUpdateCheck = 1240;
				LastUpgradeCheck = 1240;
				TargetAttributes = {
					83F55DE225CFFFE000882243 = {
						CreatedOnToolsVersion = 12.4;
					};
					83F55DEA25CFFFE000882243 = {
						CreatedOnToolsVersion = 12.4;
					};
					83F55DF225CFFFE000882243 = {
						CreatedOnToolsVersion = 12.4;
						TestTargetID = 83F55DE225CFFFE000882243;
					};
					83F55DFD25CFFFE000882243 = {
						CreatedOnToolsVersion = 12.4;
						TestTargetID = 83F55DEA25CFFFE000882243;
					};
				};
			};
			buildConfigurationList = 83F55DDA25CFFFDF00882243 /* Build configuration list for PBXProject "RunyasakCard" */;
			compatibilityVersion = "Xcode 9.3";
			developmentRegion = en;
			hasScannedForEncodings = 0;
			knownRegions = (
				en,
				Base,
			);
			mainGroup = 83F55DD625CFFFDF00882243;
			productRefGroup = 83F55DE425CFFFE000882243 /* Products */;
			projectDirPath = "";
			projectRoot = "";
			targets = (
				83F55DE225CFFFE000882243 /* RunyasakCard (iOS) */,
				83F55DEA25CFFFE000882243 /* RunyasakCard (macOS) */,
				83F55DF225CFFFE000882243 /* Tests iOS */,
				83F55DFD25CFFFE000882243 /* Tests macOS */,
			);
		};
/* End PBXProject section */

/* Begin PBXResourcesBuildPhase section */
		83F55DE125CFFFE000882243 /* Resources */ = {
			isa = PBXResourcesBuildPhase;
			buildActionMask = 2147483647;
			files = (
				83F55E0925CFFFE000882243 /* Assets.xcassets in Resources */,
				83F55E2025D001C700882243 /* Pacifico-Regular.ttf in Resources */,
				83F55E3025D00E5D00882243 /* avatar.jpg in Resources */,
			);
			runOnlyForDeploymentPostprocessing = 0;
		};
		83F55DE925CFFFE000882243 /* Resources */ = {
			isa = PBXResourcesBuildPhase;
			buildActionMask = 2147483647;
			files = (
				83F55E0A25CFFFE000882243 /* Assets.xcassets in Resources */,
			);
			runOnlyForDeploymentPostprocessing = 0;
		};
		83F55DF125CFFFE000882243 /* Resources */ = {
			isa = PBXResourcesBuildPhase;
			buildActionMask = 2147483647;
			files = (
			);
			runOnlyForDeploymentPostprocessing = 0;
		};
		83F55DFC25CFFFE000882243 /* Resources */ = {
			isa = PBXResourcesBuildPhase;
			buildActionMask = 2147483647;
			files = (
			);
			runOnlyForDeploymentPostprocessing = 0;
		};
/* End PBXResourcesBuildPhase section */

/* Begin PBXSourcesBuildPhase section */
		83F55DDF25CFFFE000882243 /* Sources */ = {
			isa = PBXSourcesBuildPhase;
			buildActionMask = 2147483647;
			files = (
				83F55E0725CFFFE000882243 /* ContentView.swift in Sources */,
				83F55E3A25D012FB00882243 /* InfoView.swift in Sources */,
				83F55E0525CFFFE000882243 /* RunyasakCardApp.swift in Sources */,
			);
			runOnlyForDeploymentPostprocessing = 0;
		};
		83F55DE725CFFFE000882243 /* Sources */ = {
			isa = PBXSourcesBuildPhase;
			buildActionMask = 2147483647;
			files = (
				83F55E0825CFFFE000882243 /* ContentView.swift in Sources */,
				83F55E0625CFFFE000882243 /* RunyasakCardApp.swift in Sources */,
			);
			runOnlyForDeploymentPostprocessing = 0;
		};
		83F55DEF25CFFFE000882243 /* Sources */ = {
			isa = PBXSourcesBuildPhase;
			buildActionMask = 2147483647;
			files = (
				83F55DF825CFFFE000882243 /* Tests_iOS.swift in Sources */,
			);
			runOnlyForDeploymentPostprocessing = 0;
		};
		83F55DFA25CFFFE000882243 /* Sources */ = {
			isa = PBXSourcesBuildPhase;
			buildActionMask = 2147483647;
			files = (
				83F55E0325CFFFE000882243 /* Tests_macOS.swift in Sources */,
			);
			runOnlyForDeploymentPostprocessing = 0;
		};
/* End PBXSourcesBuildPhase section */

/* Begin PBXTargetDependency section */
		83F55DF525CFFFE000882243 /* PBXTargetDependency */ = {
			isa = PBXTargetDependency;
			target = 83F55DE225CFFFE000882243 /* RunyasakCard (iOS) */;
			targetProxy = 83F55DF425CFFFE000882243 /* PBXContainerItemProxy */;
		};
		83F55E0025CFFFE000882243 /* PBXTargetDependency */ = {
			isa = PBXTargetDependency;
			target = 83F55DEA25CFFFE000882243 /* RunyasakCard (macOS) */;
			targetProxy = 83F55DFF25CFFFE000882243 /* PBXContainerItemProxy */;
		};
/* End PBXTargetDependency section */

/* Begin XCBuildConfiguration section */
		83F55E0B25CFFFE000882243 /* Debug */ = {
			isa = XCBuildConfiguration;
			buildSettings = {
				ALWAYS_SEARCH_USER_PATHS = NO;
				CLANG_ANALYZER_NONNULL = YES;
				CLANG_ANALYZER_NUMBER_OBJECT_CONVERSION = YES_AGGRESSIVE;
				CLANG_CXX_LANGUAGE_STANDARD = "gnu++14";
				CLANG_CXX_LIBRARY = "libc++";
				CLANG_ENABLE_MODULES = YES;
				CLANG_ENABLE_OBJC_ARC = YES;
				CLANG_ENABLE_OBJC_WEAK = YES;
				CLANG_WARN_BLOCK_CAPTURE_AUTORELEASING = YES;
				CLANG_WARN_BOOL_CONVERSION = YES;
				CLANG_WARN_COMMA = YES;
				CLANG_WARN_CONSTANT_CONVERSION = YES;
				CLANG_WARN_DEPRECATED_OBJC_IMPLEMENTATIONS = YES;
				CLANG_WARN_DIRECT_OBJC_ISA_USAGE = YES_ERROR;
				CLANG_WARN_DOCUMENTATION_COMMENTS = YES;
				CLANG_WARN_EMPTY_BODY = YES;
				CLANG_WARN_ENUM_CONVERSION = YES;
				CLANG_WARN_INFINITE_RECURSION = YES;
				CLANG_WARN_INT_CONVERSION = YES;
				CLANG_WARN_NON_LITERAL_NULL_CONVERSION = YES;
				CLANG_WARN_OBJC_IMPLICIT_RETAIN_SELF = YES;
				CLANG_WARN_OBJC_LITERAL_CONVERSION = YES;
				CLANG_WARN_OBJC_ROOT_CLASS = YES_ERROR;
				CLANG_WARN_QUOTED_INCLUDE_IN_FRAMEWORK_HEADER = YES;
				CLANG_WARN_RANGE_LOOP_ANALYSIS = YES;
				CLANG_WARN_STRICT_PROTOTYPES = YES;
				CLANG_WARN_SUSPICIOUS_MOVE = YES;
				CLANG_WARN_UNGUARDED_AVAILABILITY = YES_AGGRESSIVE;
				CLANG_WARN_UNREACHABLE_CODE = YES;
				CLANG_WARN__DUPLICATE_METHOD_MATCH = YES;
				COPY_PHASE_STRIP = NO;
				DEBUG_INFORMATION_FORMAT = dwarf;
				ENABLE_STRICT_OBJC_MSGSEND = YES;
				ENABLE_TESTABILITY = YES;
				GCC_C_LANGUAGE_STANDARD = gnu11;
				GCC_DYNAMIC_NO_PIC = NO;
				GCC_NO_COMMON_BLOCKS = YES;
				GCC_OPTIMIZATION_LEVEL = 0;
				GCC_PREPROCESSOR_DEFINITIONS = (
					"DEBUG=1",
					"$(inherited)",
				);
				GCC_WARN_64_TO_32_BIT_CONVERSION = YES;
				GCC_WARN_ABOUT_RETURN_TYPE = YES_ERROR;
				GCC_WARN_UNDECLARED_SELECTOR = YES;
				GCC_WARN_UNINITIALIZED_AUTOS = YES_AGGRESSIVE;
				GCC_WARN_UNUSED_FUNCTION = YES;
				GCC_WARN_UNUSED_VARIABLE = YES;
				MTL_ENABLE_DEBUG_INFO = INCLUDE_SOURCE;
				MTL_FAST_MATH = YES;
				ONLY_ACTIVE_ARCH = YES;
				SWIFT_ACTIVE_COMPILATION_CONDITIONS = DEBUG;
				SWIFT_OPTIMIZATION_LEVEL = "-Onone";
			};
			name = Debug;
		};
		83F55E0C25CFFFE000882243 /* Release */ = {
			isa = XCBuildConfiguration;
			buildSettings = {
				ALWAYS_SEARCH_USER_PATHS = NO;
				CLANG_ANALYZER_NONNULL = YES;
				CLANG_ANALYZER_NUMBER_OBJECT_CONVERSION = YES_AGGRESSIVE;
				CLANG_CXX_LANGUAGE_STANDARD = "gnu++14";
				CLANG_CXX_LIBRARY = "libc++";
				CLANG_ENABLE_MODULES = YES;
				CLANG_ENABLE_OBJC_ARC = YES;
				CLANG_ENABLE_OBJC_WEAK = YES;
				CLANG_WARN_BLOCK_CAPTURE_AUTORELEASING = YES;
				CLANG_WARN_BOOL_CONVERSION = YES;
				CLANG_WARN_COMMA = YES;
				CLANG_WARN_CONSTANT_CONVERSION = YES;
				CLANG_WARN_DEPRECATED_OBJC_IMPLEMENTATIONS = YES;
				CLANG_WARN_DIRECT_OBJC_ISA_USAGE = YES_ERROR;
				CLANG_WARN_DOCUMENTATION_COMMENTS = YES;
				CLANG_WARN_EMPTY_BODY = YES;
				CLANG_WARN_ENUM_CONVERSION = YES;
				CLANG_WARN_INFINITE_RECURSION = YES;
				CLANG_WARN_INT_CONVERSION = YES;
				CLANG_WARN_NON_LITERAL_NULL_CONVERSION = YES;
				CLANG_WARN_OBJC_IMPLICIT_RETAIN_SELF = YES;
				CLANG_WARN_OBJC_LITERAL_CONVERSION = YES;
				CLANG_WARN_OBJC_ROOT_CLASS = YES_ERROR;
				CLANG_WARN_QUOTED_INCLUDE_IN_FRAMEWORK_HEADER = YES;
				CLANG_WARN_RANGE_LOOP_ANALYSIS = YES;
				CLANG_WARN_STRICT_PROTOTYPES = YES;
				CLANG_WARN_SUSPICIOUS_MOVE = YES;
				CLANG_WARN_UNGUARDED_AVAILABILITY = YES_AGGRESSIVE;
				CLANG_WARN_UNREACHABLE_CODE = YES;
				CLANG_WARN__DUPLICATE_METHOD_MATCH = YES;
				COPY_PHASE_STRIP = NO;
				DEBUG_INFORMATION_FORMAT = "dwarf-with-dsym";
				ENABLE_NS_ASSERTIONS = NO;
				ENABLE_STRICT_OBJC_MSGSEND = YES;
				GCC_C_LANGUAGE_STANDARD = gnu11;
				GCC_NO_COMMON_BLOCKS = YES;
				GCC_WARN_64_TO_32_BIT_CONVERSION = YES;
				GCC_WARN_ABOUT_RETURN_TYPE = YES_ERROR;
				GCC_WARN_UNDECLARED_SELECTOR = YES;
				GCC_WARN_UNINITIALIZED_AUTOS = YES_AGGRESSIVE;
				GCC_WARN_UNUSED_FUNCTION = YES;
				GCC_WARN_UNUSED_VARIABLE = YES;
				MTL_ENABLE_DEBUG_INFO = NO;
				MTL_FAST_MATH = YES;
				SWIFT_COMPILATION_MODE = wholemodule;
				SWIFT_OPTIMIZATION_LEVEL = "-O";
			};
			name = Release;
		};
		83F55E0E25CFFFE000882243 /* Debug */ = {
			isa = XCBuildConfiguration;
			buildSettings = {
				ASSETCATALOG_COMPILER_APPICON_NAME = AppIcon;
				ASSETCATALOG_COMPILER_GLOBAL_ACCENT_COLOR_NAME = AccentColor;
				CODE_SIGN_STYLE = Automatic;
				DEVELOPMENT_TEAM = 9Y322A5L3A;
				ENABLE_PREVIEWS = YES;
				INFOPLIST_FILE = iOS/Info.plist;
				IPHONEOS_DEPLOYMENT_TARGET = 14.0;
				LD_RUNPATH_SEARCH_PATHS = (
					"$(inherited)",
					"@executable_path/Frameworks",
				);
				PRODUCT_BUNDLE_IDENTIFIER = com.runyasak.RunyasakCard;
				PRODUCT_NAME = RunyasakCard;
				SDKROOT = iphoneos;
				SWIFT_VERSION = 5.0;
				TARGETED_DEVICE_FAMILY = "1,2";
			};
			name = Debug;
		};
		83F55E0F25CFFFE000882243 /* Release */ = {
			isa = XCBuildConfiguration;
			buildSettings = {
				ASSETCATALOG_COMPILER_APPICON_NAME = AppIcon;
				ASSETCATALOG_COMPILER_GLOBAL_ACCENT_COLOR_NAME = AccentColor;
				CODE_SIGN_STYLE = Automatic;
				DEVELOPMENT_TEAM = 9Y322A5L3A;
				ENABLE_PREVIEWS = YES;
				INFOPLIST_FILE = iOS/Info.plist;
				IPHONEOS_DEPLOYMENT_TARGET = 14.0;
				LD_RUNPATH_SEARCH_PATHS = (
					"$(inherited)",
					"@executable_path/Frameworks",
				);
				PRODUCT_BUNDLE_IDENTIFIER = com.runyasak.RunyasakCard;
				PRODUCT_NAME = RunyasakCard;
				SDKROOT = iphoneos;
				SWIFT_VERSION = 5.0;
				TARGETED_DEVICE_FAMILY = "1,2";
				VALIDATE_PRODUCT = YES;
			};
			name = Release;
		};
		83F55E1125CFFFE000882243 /* Debug */ = {
			isa = XCBuildConfiguration;
			buildSettings = {
				ASSETCATALOG_COMPILER_APPICON_NAME = AppIcon;
				ASSETCATALOG_COMPILER_GLOBAL_ACCENT_COLOR_NAME = AccentColor;
				CODE_SIGN_ENTITLEMENTS = macOS/macOS.entitlements;
				CODE_SIGN_STYLE = Automatic;
				COMBINE_HIDPI_IMAGES = YES;
				DEVELOPMENT_TEAM = 9Y322A5L3A;
				ENABLE_HARDENED_RUNTIME = YES;
				ENABLE_PREVIEWS = YES;
				INFOPLIST_FILE = macOS/Info.plist;
				LD_RUNPATH_SEARCH_PATHS = (
					"$(inherited)",
					"@executable_path/../Frameworks",
				);
				MACOSX_DEPLOYMENT_TARGET = 11.0;
				PRODUCT_BUNDLE_IDENTIFIER = com.runyasak.RunyasakCard;
				PRODUCT_NAME = RunyasakCard;
				SDKROOT = macosx;
				SWIFT_VERSION = 5.0;
			};
			name = Debug;
		};
		83F55E1225CFFFE000882243 /* Release */ = {
			isa = XCBuildConfiguration;
			buildSettings = {
				ASSETCATALOG_COMPILER_APPICON_NAME = AppIcon;
				ASSETCATALOG_COMPILER_GLOBAL_ACCENT_COLOR_NAME = AccentColor;
				CODE_SIGN_ENTITLEMENTS = macOS/macOS.entitlements;
				CODE_SIGN_STYLE = Automatic;
				COMBINE_HIDPI_IMAGES = YES;
				DEVELOPMENT_TEAM = 9Y322A5L3A;
				ENABLE_HARDENED_RUNTIME = YES;
				ENABLE_PREVIEWS = YES;
				INFOPLIST_FILE = macOS/Info.plist;
				LD_RUNPATH_SEARCH_PATHS = (
					"$(inherited)",
					"@executable_path/../Frameworks",
				);
				MACOSX_DEPLOYMENT_TARGET = 11.0;
				PRODUCT_BUNDLE_IDENTIFIER = com.runyasak.RunyasakCard;
				PRODUCT_NAME = RunyasakCard;
				SDKROOT = macosx;
				SWIFT_VERSION = 5.0;
			};
			name = Release;
		};
		83F55E1425CFFFE000882243 /* Debug */ = {
			isa = XCBuildConfiguration;
			buildSettings = {
				ALWAYS_EMBED_SWIFT_STANDARD_LIBRARIES = YES;
				CODE_SIGN_STYLE = Automatic;
				DEVELOPMENT_TEAM = 9Y322A5L3A;
				INFOPLIST_FILE = "Tests iOS/Info.plist";
				IPHONEOS_DEPLOYMENT_TARGET = 14.4;
				LD_RUNPATH_SEARCH_PATHS = (
					"$(inherited)",
					"@executable_path/Frameworks",
					"@loader_path/Frameworks",
				);
				PRODUCT_BUNDLE_IDENTIFIER = "com.runyasak.Tests-iOS";
				PRODUCT_NAME = "$(TARGET_NAME)";
				SDKROOT = iphoneos;
				SWIFT_VERSION = 5.0;
				TARGETED_DEVICE_FAMILY = "1,2";
				TEST_TARGET_NAME = "RunyasakCard (iOS)";
			};
			name = Debug;
		};
		83F55E1525CFFFE000882243 /* Release */ = {
			isa = XCBuildConfiguration;
			buildSettings = {
				ALWAYS_EMBED_SWIFT_STANDARD_LIBRARIES = YES;
				CODE_SIGN_STYLE = Automatic;
				DEVELOPMENT_TEAM = 9Y322A5L3A;
				INFOPLIST_FILE = "Tests iOS/Info.plist";
				IPHONEOS_DEPLOYMENT_TARGET = 14.4;
				LD_RUNPATH_SEARCH_PATHS = (
					"$(inherited)",
					"@executable_path/Frameworks",
					"@loader_path/Frameworks",
				);
				PRODUCT_BUNDLE_IDENTIFIER = "com.runyasak.Tests-iOS";
				PRODUCT_NAME = "$(TARGET_NAME)";
				SDKROOT = iphoneos;
				SWIFT_VERSION = 5.0;
				TARGETED_DEVICE_FAMILY = "1,2";
				TEST_TARGET_NAME = "RunyasakCard (iOS)";
				VALIDATE_PRODUCT = YES;
			};
			name = Release;
		};
		83F55E1725CFFFE000882243 /* Debug */ = {
			isa = XCBuildConfiguration;
			buildSettings = {
				ALWAYS_EMBED_SWIFT_STANDARD_LIBRARIES = YES;
				CODE_SIGN_STYLE = Automatic;
				COMBINE_HIDPI_IMAGES = YES;
				DEVELOPMENT_TEAM = 9Y322A5L3A;
				INFOPLIST_FILE = "Tests macOS/Info.plist";
				LD_RUNPATH_SEARCH_PATHS = (
					"$(inherited)",
					"@executable_path/../Frameworks",
					"@loader_path/../Frameworks",
				);
				MACOSX_DEPLOYMENT_TARGET = 11.1;
				PRODUCT_BUNDLE_IDENTIFIER = "com.runyasak.Tests-macOS";
				PRODUCT_NAME = "$(TARGET_NAME)";
				SDKROOT = macosx;
				SWIFT_VERSION = 5.0;
				TEST_TARGET_NAME = "RunyasakCard (macOS)";
			};
			name = Debug;
		};
		83F55E1825CFFFE000882243 /* Release */ = {
			isa = XCBuildConfiguration;
			buildSettings = {
				ALWAYS_EMBED_SWIFT_STANDARD_LIBRARIES = YES;
				CODE_SIGN_STYLE = Automatic;
				COMBINE_HIDPI_IMAGES = YES;
				DEVELOPMENT_TEAM = 9Y322A5L3A;
				INFOPLIST_FILE = "Tests macOS/Info.plist";
				LD_RUNPATH_SEARCH_PATHS = (
					"$(inherited)",
					"@executable_path/../Frameworks",
					"@loader_path/../Frameworks",
				);
				MACOSX_DEPLOYMENT_TARGET = 11.1;
				PRODUCT_BUNDLE_IDENTIFIER = "com.runyasak.Tests-macOS";
				PRODUCT_NAME = "$(TARGET_NAME)";
				SDKROOT = macosx;
				SWIFT_VERSION = 5.0;
				TEST_TARGET_NAME = "RunyasakCard (macOS)";
			};
			name = Release;
		};
/* End XCBuildConfiguration section */

/* Begin XCConfigurationList section */
		83F55DDA25CFFFDF00882243 /* Build configuration list for PBXProject "RunyasakCard" */ = {
			isa = XCConfigurationList;
			buildConfigurations = (
				83F55E0B25CFFFE000882243 /* Debug */,
				83F55E0C25CFFFE000882243 /* Release */,
			);
			defaultConfigurationIsVisible = 0;
			defaultConfigurationName = Release;
		};
		83F55E0D25CFFFE000882243 /* Build configuration list for PBXNativeTarget "RunyasakCard (iOS)" */ = {
			isa = XCConfigurationList;
			buildConfigurations = (
				83F55E0E25CFFFE000882243 /* Debug */,
				83F55E0F25CFFFE000882243 /* Release */,
			);
			defaultConfigurationIsVisible = 0;
			defaultConfigurationName = Release;
		};
		83F55E1025CFFFE000882243 /* Build configuration list for PBXNativeTarget "RunyasakCard (macOS)" */ = {
			isa = XCConfigurationList;
			buildConfigurations = (
				83F55E1125CFFFE000882243 /* Debug */,
				83F55E1225CFFFE000882243 /* Release */,
			);
			defaultConfigurationIsVisible = 0;
			defaultConfigurationName = Release;
		};
		83F55E1325CFFFE000882243 /* Build configuration list for PBXNativeTarget "Tests iOS" */ = {
			isa = XCConfigurationList;
			buildConfigurations = (
				83F55E1425CFFFE000882243 /* Debug */,
				83F55E1525CFFFE000882243 /* Release */,
			);
			defaultConfigurationIsVisible = 0;
			defaultConfigurationName = Release;
		};
		83F55E1625CFFFE000882243 /* Build configuration list for PBXNativeTarget "Tests macOS" */ = {
			isa = XCConfigurationList;
			buildConfigurations = (
				83F55E1725CFFFE000882243 /* Debug */,
				83F55E1825CFFFE000882243 /* Release */,
			);
			defaultConfigurationIsVisible = 0;
			defaultConfigurationName = Release;
		};
/* End XCConfigurationList section */
	};
	rootObject = 83F55DD725CFFFDF00882243 /* Project object */;
}
